
Microsoft Visual Studio Solution File, Format Version 12.00
# Visual Studio Version 17
VisualStudioVersion = 17.0.31903.59
MinimumVisualStudioVersion = 10.0.40219.1
Project("{2150E333-8FDC-42A3-9474-1A3956D46DE8}") = "src", "src", "{827E0CD3-B72D-47B6-A68D-7590B98EB39B}"
EndProject
Project("{FAE04EC0-301F-11D3-BF4B-00C04F79EFBC}") = "HRMS.API", "src\HRMS.API\HRMS.API.csproj", "{E54E8732-B86D-4274-91C8-6D9935432D11}"
EndProject
Project("{FAE04EC0-301F-11D3-BF4B-00C04F79EFBC}") = "HRMS.BuildingBlocks", "src\HRMS.BuildingBlocks\HRMS.BuildingBlocks.csproj", "{656C80AF-6075-450B-BFDE-5E63E17FB0FC}"
EndProject
Project("{2150E333-8FDC-42A3-9474-1A3956D46DE8}") = "Modules", "Modules", "{EC447DCF-ABFA-6E24-52A5-D7FD48A5C558}"
EndProject
Project("{2150E333-8FDC-42A3-9474-1A3956D46DE8}") = "Employee", "Employee", "{C7C359A4-202C-E132-5EF3-A8C61917A404}"
EndProject
Project("{2150E333-8FDC-42A3-9474-1A3956D46DE8}") = "Domain", "Domain", "{FD1358D3-6B1A-A92C-8F2D-EADF883CBC4F}"
EndProject
Project("{FAE04EC0-301F-11D3-BF4B-00C04F79EFBC}") = "HRMS.Modules.Employee.Domain", "src\Modules\Employee\Domain\HRMS.Modules.Employee.Domain.csproj", "{ABB20469-921D-49F1-8143-DC3628FC95A5}"
EndProject
Project("{2150E333-8FDC-42A3-9474-1A3956D46DE8}") = "Application", "Application", "{6C7D52BB-C130-3E68-29E9-6A3A3232E7E3}"
EndProject
Project("{FAE04EC0-301F-11D3-BF4B-00C04F79EFBC}") = "HRMS.Modules.Employee.Application", "src\Modules\Employee\Application\HRMS.Modules.Employee.Application.csproj", "{1F1345B7-7362-4735-900D-551EE6243AC2}"
EndProject
Project("{2150E333-8FDC-42A3-9474-1A3956D46DE8}") = "Infrastructure", "Infrastructure", "{8A23DFC7-D76E-822B-750C-3464C7D5F620}"
EndProject
Project("{FAE04EC0-301F-11D3-BF4B-00C04F79EFBC}") = "HRMS.Modules.Employee.Infrastructure", "src\Modules\Employee\Infrastructure\HRMS.Modules.Employee.Infrastructure.csproj", "{9F5E33BE-C207-4F79-80E2-57881D376B8F}"
EndProject
Project("{2150E333-8FDC-42A3-9474-1A3956D46DE8}") = "Department", "Department", "{4D7F3E37-DF0E-563B-44F3-DAB90C3A8721}"
EndProject
Project("{2150E333-8FDC-42A3-9474-1A3956D46DE8}") = "Domain", "Domain", "{A1B38958-DCB5-5501-05DC-D04D8B7BD13A}"
EndProject
Project("{2150E333-8FDC-42A3-9474-1A3956D46DE8}") = "Application", "Application", "{8C7298AF-D43E-B1DD-4EFE-5F2DA5E0F4FE}"
EndProject
Project("{FAE04EC0-301F-11D3-BF4B-00C04F79EFBC}") = "HRMS.Modules.Department.Application", "src\Modules\Department\Application\HRMS.Modules.Department.Application.csproj", "{132F4631-5061-4AA3-BA6A-86A5360A044F}"
EndProject
Project("{2150E333-8FDC-42A3-9474-1A3956D46DE8}") = "Infrastructure", "Infrastructure", "{F4D39687-524F-C562-6689-2DD8A7BC6613}"
EndProject
Project("{FAE04EC0-301F-11D3-BF4B-00C04F79EFBC}") = "HRMS.Modules.Department.Infrastructure", "src\Modules\Department\Infrastructure\HRMS.Modules.Department.Infrastructure.csproj", "{3B97B2F7-9DE0-4210-B359-66E8CAE5544F}"
EndProject
Project("{FAE04EC0-301F-11D3-BF4B-00C04F79EFBC}") = "HRMS.Modules.Department.Domain", "src\Modules\Department\Domain\HRMS.Modules.Department.Domain.csproj", "{54E3E6F9-E5BD-47AF-817D-18C379615B7D}"
EndProject
Project("{2150E333-8FDC-42A3-9474-1A3956D46DE8}") = "Identity", "Identity", "{0EC62A1A-9858-3A60-8A0C-FC9AACFA2EC7}"
EndProject
Project("{2150E333-8FDC-42A3-9474-1A3956D46DE8}") = "Domain", "Domain", "{4D5DCD5F-56A9-CDDD-B2B1-3C00DD2DF930}"
EndProject
Project("{FAE04EC0-301F-11D3-BF4B-00C04F79EFBC}") = "HRMS.Modules.Identity.Domain", "src\Modules\Identity\Domain\HRMS.Modules.Identity.Domain.csproj", "{7C23178A-9533-4E2C-93D0-6C5F527F4982}"
EndProject
Project("{2150E333-8FDC-42A3-9474-1A3956D46DE8}") = "Application", "Application", "{0DE85A42-5AB0-179C-733E-58510D3B8784}"
EndProject
Project("{FAE04EC0-301F-11D3-BF4B-00C04F79EFBC}") = "HRMS.Modules.Identity.Application", "src\Modules\Identity\Application\HRMS.Modules.Identity.Application.csproj", "{119221EC-0464-46E8-BDB4-4D1E209C2EDE}"
EndProject
Project("{2150E333-8FDC-42A3-9474-1A3956D46DE8}") = "Infrastructure", "Infrastructure", "{4780257D-0BA4-5E80-C62C-815EC08EBD56}"
EndProject
Project("{FAE04EC0-301F-11D3-BF4B-00C04F79EFBC}") = "HRMS.Modules.Identity.Infrastructure", "src\Modules\Identity\Infrastructure\HRMS.Modules.Identity.Infrastructure.csproj", "{990E3452-D9D7-4272-9753-78A17B3C6938}"
EndProject
Project("{FAE04EC0-301F-11D3-BF4B-00C04F79EFBC}") = "HRMS.Persistence", "src\HRMS.Persistence\HRMS.Persistence.csproj", "{8700CC56-BD57-5E62-CAFE-0A2E9296E86C}"
EndProject
Project("{2150E333-8FDC-42A3-9474-1A3956D46DE8}") = "Companies", "Companies", "{CACCE3FB-8D6F-1C95-AA38-02772A5E7D5C}"
EndProject
Project("{2150E333-8FDC-42A3-9474-1A3956D46DE8}") = "Domain", "Domain", "{31AF4CBF-B502-1FBA-0886-57B168BF7FA0}"
EndProject
Project("{FAE04EC0-301F-11D3-BF4B-00C04F79EFBC}") = "HRMS.Modules.Companies.Domain", "src\Modules\Companies\Domain\HRMS.Modules.Companies.Domain.csproj", "{6AB23452-A9BB-4284-BE31-5B7A176785E5}"
EndProject
Project("{2150E333-8FDC-42A3-9474-1A3956D46DE8}") = "Application", "Application", "{884D319A-4ED2-E232-18BA-50F6CC718253}"
EndProject
Project("{FAE04EC0-301F-11D3-BF4B-00C04F79EFBC}") = "HRMS.Modules.Companies.Application", "src\Modules\Companies\Application\HRMS.Modules.Companies.Application.csproj", "{E7912170-DB69-4B4C-9206-17E56D533578}"
EndProject
Project("{2150E333-8FDC-42A3-9474-1A3956D46DE8}") = "Infrastructure", "Infrastructure", "{37AA64ED-AD54-2C40-8F32-98EABB769241}"
EndProject
Project("{FAE04EC0-301F-11D3-BF4B-00C04F79EFBC}") = "HRMS.Modules.Companies.Infrastructure", "src\Modules\Companies\Infrastructure\HRMS.Modules.Companies.Infrastructure.csproj", "{5B585950-D5CA-41F4-89D8-430F05A9E604}"
EndProject
Project("{2150E333-8FDC-42A3-9474-1A3956D46DE8}") = "Leave", "Leave", "{D53792AE-36FE-72E8-E36E-7E5EF0791B31}"
EndProject
Project("{2150E333-8FDC-42A3-9474-1A3956D46DE8}") = "Domain", "Domain", "{1A9E8A3F-A986-A567-09A4-09AB2A798928}"
EndProject
Project("{FAE04EC0-301F-11D3-BF4B-00C04F79EFBC}") = "HRMS.Modules.Leave.Domain", "src\Modules\Leave\Domain\HRMS.Modules.Leave.Domain.csproj", "{BB1BDD90-8C7C-46E1-9D17-9CA2790F0A6D}"
EndProject
Project("{2150E333-8FDC-42A3-9474-1A3956D46DE8}") = "Application", "Application", "{D8AD2D54-BB0C-EFCA-3E33-5F5B9FE133B7}"
EndProject
Project("{FAE04EC0-301F-11D3-BF4B-00C04F79EFBC}") = "HRMS.Modules.Leave.Application", "src\Modules\Leave\Application\HRMS.Modules.Leave.Application.csproj", "{CA6DD2FF-2263-483E-8235-45963A335925}"
EndProject
Project("{2150E333-8FDC-42A3-9474-1A3956D46DE8}") = "Infrastructure", "Infrastructure", "{6FEA6E4F-42B3-F2D2-C592-8C163A02CF73}"
EndProject
Project("{FAE04EC0-301F-11D3-BF4B-00C04F79EFBC}") = "HRMS.Modules.Leave.Infrastructure", "src\Modules\Leave\Infrastructure\HRMS.Modules.Leave.Infrastructure.csproj", "{293EBB91-38A1-4072-A072-6EF2C5FB14FE}"
EndProject
Project("{2150E333-8FDC-42A3-9474-1A3956D46DE8}") = "Attendance", "Attendance", "{A3EAED29-4CBC-FD78-85FB-369C0DE60D96}"
EndProject
Project("{2150E333-8FDC-42A3-9474-1A3956D46DE8}") = "Domain", "Domain", "{FF4E28B2-2AC7-FCBC-33DC-CA5B1CFD5962}"
EndProject
Project("{FAE04EC0-301F-11D3-BF4B-00C04F79EFBC}") = "HRMS.Modules.Attendance.Domain", "src\Modules\Attendance\Domain\HRMS.Modules.Attendance.Domain.csproj", "{6B799510-3A0D-43EB-9098-70F79ABD1D15}"
EndProject
Project("{2150E333-8FDC-42A3-9474-1A3956D46DE8}") = "Application", "Application", "{43CCCCD3-422C-998F-EE73-BA62B37F01B8}"
EndProject
Project("{FAE04EC0-301F-11D3-BF4B-00C04F79EFBC}") = "HRMS.Modules.Attendance.Application", "src\Modules\Attendance\Application\HRMS.Modules.Attendance.Application.csproj", "{5038CA9E-35C9-4988-80C2-50855F44C879}"
EndProject
Project("{2150E333-8FDC-42A3-9474-1A3956D46DE8}") = "Infrastructure", "Infrastructure", "{73622FA1-155B-9F16-AAA6-9CA180B633D0}"
EndProject
Project("{FAE04EC0-301F-11D3-BF4B-00C04F79EFBC}") = "HRMS.Modules.Attendance.Infrastructure", "src\Modules\Attendance\Infrastructure\HRMS.Modules.Attendance.Infrastructure.csproj", "{B5CAE12B-18D6-4CD5-90F0-D0008166B6E7}"
EndProject
Global
	GlobalSection(SolutionConfigurationPlatforms) = preSolution
		Debug|Any CPU = Debug|Any CPU
		Debug|x64 = Debug|x64
		Debug|x86 = Debug|x86
		Release|Any CPU = Release|Any CPU
		Release|x64 = Release|x64
		Release|x86 = Release|x86
	EndGlobalSection
	GlobalSection(ProjectConfigurationPlatforms) = postSolution
		{E54E8732-B86D-4274-91C8-6D9935432D11}.Debug|Any CPU.ActiveCfg = Debug|Any CPU
		{E54E8732-B86D-4274-91C8-6D9935432D11}.Debug|Any CPU.Build.0 = Debug|Any CPU
		{E54E8732-B86D-4274-91C8-6D9935432D11}.Debug|x64.ActiveCfg = Debug|Any CPU
		{E54E8732-B86D-4274-91C8-6D9935432D11}.Debug|x64.Build.0 = Debug|Any CPU
		{E54E8732-B86D-4274-91C8-6D9935432D11}.Debug|x86.ActiveCfg = Debug|Any CPU
		{E54E8732-B86D-4274-91C8-6D9935432D11}.Debug|x86.Build.0 = Debug|Any CPU
		{E54E8732-B86D-4274-91C8-6D9935432D11}.Release|Any CPU.ActiveCfg = Release|Any CPU
		{E54E8732-B86D-4274-91C8-6D9935432D11}.Release|Any CPU.Build.0 = Release|Any CPU
		{E54E8732-B86D-4274-91C8-6D9935432D11}.Release|x64.ActiveCfg = Release|Any CPU
		{E54E8732-B86D-4274-91C8-6D9935432D11}.Release|x64.Build.0 = Release|Any CPU
		{E54E8732-B86D-4274-91C8-6D9935432D11}.Release|x86.ActiveCfg = Release|Any CPU
		{E54E8732-B86D-4274-91C8-6D9935432D11}.Release|x86.Build.0 = Release|Any CPU
		{656C80AF-6075-450B-BFDE-5E63E17FB0FC}.Debug|Any CPU.ActiveCfg = Debug|Any CPU
		{656C80AF-6075-450B-BFDE-5E63E17FB0FC}.Debug|Any CPU.Build.0 = Debug|Any CPU
		{656C80AF-6075-450B-BFDE-5E63E17FB0FC}.Debug|x64.ActiveCfg = Debug|Any CPU
		{656C80AF-6075-450B-BFDE-5E63E17FB0FC}.Debug|x64.Build.0 = Debug|Any CPU
		{656C80AF-6075-450B-BFDE-5E63E17FB0FC}.Debug|x86.ActiveCfg = Debug|Any CPU
		{656C80AF-6075-450B-BFDE-5E63E17FB0FC}.Debug|x86.Build.0 = Debug|Any CPU
		{656C80AF-6075-450B-BFDE-5E63E17FB0FC}.Release|Any CPU.ActiveCfg = Release|Any CPU
		{656C80AF-6075-450B-BFDE-5E63E17FB0FC}.Release|Any CPU.Build.0 = Release|Any CPU
		{656C80AF-6075-450B-BFDE-5E63E17FB0FC}.Release|x64.ActiveCfg = Release|Any CPU
		{656C80AF-6075-450B-BFDE-5E63E17FB0FC}.Release|x64.Build.0 = Release|Any CPU
		{656C80AF-6075-450B-BFDE-5E63E17FB0FC}.Release|x86.ActiveCfg = Release|Any CPU
		{656C80AF-6075-450B-BFDE-5E63E17FB0FC}.Release|x86.Build.0 = Release|Any CPU
		{ABB20469-921D-49F1-8143-DC3628FC95A5}.Debug|Any CPU.ActiveCfg = Debug|Any CPU
		{ABB20469-921D-49F1-8143-DC3628FC95A5}.Debug|Any CPU.Build.0 = Debug|Any CPU
		{ABB20469-921D-49F1-8143-DC3628FC95A5}.Debug|x64.ActiveCfg = Debug|Any CPU
		{ABB20469-921D-49F1-8143-DC3628FC95A5}.Debug|x64.Build.0 = Debug|Any CPU
		{ABB20469-921D-49F1-8143-DC3628FC95A5}.Debug|x86.ActiveCfg = Debug|Any CPU
		{ABB20469-921D-49F1-8143-DC3628FC95A5}.Debug|x86.Build.0 = Debug|Any CPU
		{ABB20469-921D-49F1-8143-DC3628FC95A5}.Release|Any CPU.ActiveCfg = Release|Any CPU
		{ABB20469-921D-49F1-8143-DC3628FC95A5}.Release|Any CPU.Build.0 = Release|Any CPU
		{ABB20469-921D-49F1-8143-DC3628FC95A5}.Release|x64.ActiveCfg = Release|Any CPU
		{ABB20469-921D-49F1-8143-DC3628FC95A5}.Release|x64.Build.0 = Release|Any CPU
		{ABB20469-921D-49F1-8143-DC3628FC95A5}.Release|x86.ActiveCfg = Release|Any CPU
		{ABB20469-921D-49F1-8143-DC3628FC95A5}.Release|x86.Build.0 = Release|Any CPU
		{1F1345B7-7362-4735-900D-551EE6243AC2}.Debug|Any CPU.ActiveCfg = Debug|Any CPU
		{1F1345B7-7362-4735-900D-551EE6243AC2}.Debug|Any CPU.Build.0 = Debug|Any CPU
		{1F1345B7-7362-4735-900D-551EE6243AC2}.Debug|x64.ActiveCfg = Debug|Any CPU
		{1F1345B7-7362-4735-900D-551EE6243AC2}.Debug|x64.Build.0 = Debug|Any CPU
		{1F1345B7-7362-4735-900D-551EE6243AC2}.Debug|x86.ActiveCfg = Debug|Any CPU
		{1F1345B7-7362-4735-900D-551EE6243AC2}.Debug|x86.Build.0 = Debug|Any CPU
		{1F1345B7-7362-4735-900D-551EE6243AC2}.Release|Any CPU.ActiveCfg = Release|Any CPU
		{1F1345B7-7362-4735-900D-551EE6243AC2}.Release|Any CPU.Build.0 = Release|Any CPU
		{1F1345B7-7362-4735-900D-551EE6243AC2}.Release|x64.ActiveCfg = Release|Any CPU
		{1F1345B7-7362-4735-900D-551EE6243AC2}.Release|x64.Build.0 = Release|Any CPU
		{1F1345B7-7362-4735-900D-551EE6243AC2}.Release|x86.ActiveCfg = Release|Any CPU
		{1F1345B7-7362-4735-900D-551EE6243AC2}.Release|x86.Build.0 = Release|Any CPU
		{9F5E33BE-C207-4F79-80E2-57881D376B8F}.Debug|Any CPU.ActiveCfg = Debug|Any CPU
		{9F5E33BE-C207-4F79-80E2-57881D376B8F}.Debug|Any CPU.Build.0 = Debug|Any CPU
		{9F5E33BE-C207-4F79-80E2-57881D376B8F}.Debug|x64.ActiveCfg = Debug|Any CPU
		{9F5E33BE-C207-4F79-80E2-57881D376B8F}.Debug|x64.Build.0 = Debug|Any CPU
		{9F5E33BE-C207-4F79-80E2-57881D376B8F}.Debug|x86.ActiveCfg = Debug|Any CPU
		{9F5E33BE-C207-4F79-80E2-57881D376B8F}.Debug|x86.Build.0 = Debug|Any CPU
		{9F5E33BE-C207-4F79-80E2-57881D376B8F}.Release|Any CPU.ActiveCfg = Release|Any CPU
		{9F5E33BE-C207-4F79-80E2-57881D376B8F}.Release|Any CPU.Build.0 = Release|Any CPU
		{9F5E33BE-C207-4F79-80E2-57881D376B8F}.Release|x64.ActiveCfg = Release|Any CPU
		{9F5E33BE-C207-4F79-80E2-57881D376B8F}.Release|x64.Build.0 = Release|Any CPU
		{9F5E33BE-C207-4F79-80E2-57881D376B8F}.Release|x86.ActiveCfg = Release|Any CPU
		{9F5E33BE-C207-4F79-80E2-57881D376B8F}.Release|x86.Build.0 = Release|Any CPU
		{132F4631-5061-4AA3-BA6A-86A5360A044F}.Debug|Any CPU.ActiveCfg = Debug|Any CPU
		{132F4631-5061-4AA3-BA6A-86A5360A044F}.Debug|Any CPU.Build.0 = Debug|Any CPU
		{132F4631-5061-4AA3-BA6A-86A5360A044F}.Debug|x64.ActiveCfg = Debug|Any CPU
		{132F4631-5061-4AA3-BA6A-86A5360A044F}.Debug|x64.Build.0 = Debug|Any CPU
		{132F4631-5061-4AA3-BA6A-86A5360A044F}.Debug|x86.ActiveCfg = Debug|Any CPU
		{132F4631-5061-4AA3-BA6A-86A5360A044F}.Debug|x86.Build.0 = Debug|Any CPU
		{132F4631-5061-4AA3-BA6A-86A5360A044F}.Release|Any CPU.ActiveCfg = Release|Any CPU
		{132F4631-5061-4AA3-BA6A-86A5360A044F}.Release|Any CPU.Build.0 = Release|Any CPU
		{132F4631-5061-4AA3-BA6A-86A5360A044F}.Release|x64.ActiveCfg = Release|Any CPU
		{132F4631-5061-4AA3-BA6A-86A5360A044F}.Release|x64.Build.0 = Release|Any CPU
		{132F4631-5061-4AA3-BA6A-86A5360A044F}.Release|x86.ActiveCfg = Release|Any CPU
		{132F4631-5061-4AA3-BA6A-86A5360A044F}.Release|x86.Build.0 = Release|Any CPU
		{3B97B2F7-9DE0-4210-B359-66E8CAE5544F}.Debug|Any CPU.ActiveCfg = Debug|Any CPU
		{3B97B2F7-9DE0-4210-B359-66E8CAE5544F}.Debug|Any CPU.Build.0 = Debug|Any CPU
		{3B97B2F7-9DE0-4210-B359-66E8CAE5544F}.Debug|x64.ActiveCfg = Debug|Any CPU
		{3B97B2F7-9DE0-4210-B359-66E8CAE5544F}.Debug|x64.Build.0 = Debug|Any CPU
		{3B97B2F7-9DE0-4210-B359-66E8CAE5544F}.Debug|x86.ActiveCfg = Debug|Any CPU
		{3B97B2F7-9DE0-4210-B359-66E8CAE5544F}.Debug|x86.Build.0 = Debug|Any CPU
		{3B97B2F7-9DE0-4210-B359-66E8CAE5544F}.Release|Any CPU.ActiveCfg = Release|Any CPU
		{3B97B2F7-9DE0-4210-B359-66E8CAE5544F}.Release|Any CPU.Build.0 = Release|Any CPU
		{3B97B2F7-9DE0-4210-B359-66E8CAE5544F}.Release|x64.ActiveCfg = Release|Any CPU
		{3B97B2F7-9DE0-4210-B359-66E8CAE5544F}.Release|x64.Build.0 = Release|Any CPU
		{3B97B2F7-9DE0-4210-B359-66E8CAE5544F}.Release|x86.ActiveCfg = Release|Any CPU
		{3B97B2F7-9DE0-4210-B359-66E8CAE5544F}.Release|x86.Build.0 = Release|Any CPU
		{54E3E6F9-E5BD-47AF-817D-18C379615B7D}.Debug|Any CPU.ActiveCfg = Debug|Any CPU
		{54E3E6F9-E5BD-47AF-817D-18C379615B7D}.Debug|Any CPU.Build.0 = Debug|Any CPU
		{54E3E6F9-E5BD-47AF-817D-18C379615B7D}.Debug|x64.ActiveCfg = Debug|Any CPU
		{54E3E6F9-E5BD-47AF-817D-18C379615B7D}.Debug|x64.Build.0 = Debug|Any CPU
		{54E3E6F9-E5BD-47AF-817D-18C379615B7D}.Debug|x86.ActiveCfg = Debug|Any CPU
		{54E3E6F9-E5BD-47AF-817D-18C379615B7D}.Debug|x86.Build.0 = Debug|Any CPU
		{54E3E6F9-E5BD-47AF-817D-18C379615B7D}.Release|Any CPU.ActiveCfg = Release|Any CPU
		{54E3E6F9-E5BD-47AF-817D-18C379615B7D}.Release|Any CPU.Build.0 = Release|Any CPU
		{54E3E6F9-E5BD-47AF-817D-18C379615B7D}.Release|x64.ActiveCfg = Release|Any CPU
		{54E3E6F9-E5BD-47AF-817D-18C379615B7D}.Release|x64.Build.0 = Release|Any CPU
		{54E3E6F9-E5BD-47AF-817D-18C379615B7D}.Release|x86.ActiveCfg = Release|Any CPU
		{54E3E6F9-E5BD-47AF-817D-18C379615B7D}.Release|x86.Build.0 = Release|Any CPU
		{7C23178A-9533-4E2C-93D0-6C5F527F4982}.Debug|Any CPU.ActiveCfg = Debug|Any CPU
		{7C23178A-9533-4E2C-93D0-6C5F527F4982}.Debug|Any CPU.Build.0 = Debug|Any CPU
		{7C23178A-9533-4E2C-93D0-6C5F527F4982}.Debug|x64.ActiveCfg = Debug|Any CPU
		{7C23178A-9533-4E2C-93D0-6C5F527F4982}.Debug|x64.Build.0 = Debug|Any CPU
		{7C23178A-9533-4E2C-93D0-6C5F527F4982}.Debug|x86.ActiveCfg = Debug|Any CPU
		{7C23178A-9533-4E2C-93D0-6C5F527F4982}.Debug|x86.Build.0 = Debug|Any CPU
		{7C23178A-9533-4E2C-93D0-6C5F527F4982}.Release|Any CPU.ActiveCfg = Release|Any CPU
		{7C23178A-9533-4E2C-93D0-6C5F527F4982}.Release|Any CPU.Build.0 = Release|Any CPU
		{7C23178A-9533-4E2C-93D0-6C5F527F4982}.Release|x64.ActiveCfg = Release|Any CPU
		{7C23178A-9533-4E2C-93D0-6C5F527F4982}.Release|x64.Build.0 = Release|Any CPU
		{7C23178A-9533-4E2C-93D0-6C5F527F4982}.Release|x86.ActiveCfg = Release|Any CPU
		{7C23178A-9533-4E2C-93D0-6C5F527F4982}.Release|x86.Build.0 = Release|Any CPU
		{119221EC-0464-46E8-BDB4-4D1E209C2EDE}.Debug|Any CPU.ActiveCfg = Debug|Any CPU
		{119221EC-0464-46E8-BDB4-4D1E209C2EDE}.Debug|Any CPU.Build.0 = Debug|Any CPU
		{119221EC-0464-46E8-BDB4-4D1E209C2EDE}.Debug|x64.ActiveCfg = Debug|Any CPU
		{119221EC-0464-46E8-BDB4-4D1E209C2EDE}.Debug|x64.Build.0 = Debug|Any CPU
		{119221EC-0464-46E8-BDB4-4D1E209C2EDE}.Debug|x86.ActiveCfg = Debug|Any CPU
		{119221EC-0464-46E8-BDB4-4D1E209C2EDE}.Debug|x86.Build.0 = Debug|Any CPU
		{119221EC-0464-46E8-BDB4-4D1E209C2EDE}.Release|Any CPU.ActiveCfg = Release|Any CPU
		{119221EC-0464-46E8-BDB4-4D1E209C2EDE}.Release|Any CPU.Build.0 = Release|Any CPU
		{119221EC-0464-46E8-BDB4-4D1E209C2EDE}.Release|x64.ActiveCfg = Release|Any CPU
		{119221EC-0464-46E8-BDB4-4D1E209C2EDE}.Release|x64.Build.0 = Release|Any CPU
		{119221EC-0464-46E8-BDB4-4D1E209C2EDE}.Release|x86.ActiveCfg = Release|Any CPU
		{119221EC-0464-46E8-BDB4-4D1E209C2EDE}.Release|x86.Build.0 = Release|Any CPU
		{990E3452-D9D7-4272-9753-78A17B3C6938}.Debug|Any CPU.ActiveCfg = Debug|Any CPU
		{990E3452-D9D7-4272-9753-78A17B3C6938}.Debug|Any CPU.Build.0 = Debug|Any CPU
		{990E3452-D9D7-4272-9753-78A17B3C6938}.Debug|x64.ActiveCfg = Debug|Any CPU
		{990E3452-D9D7-4272-9753-78A17B3C6938}.Debug|x64.Build.0 = Debug|Any CPU
		{990E3452-D9D7-4272-9753-78A17B3C6938}.Debug|x86.ActiveCfg = Debug|Any CPU
		{990E3452-D9D7-4272-9753-78A17B3C6938}.Debug|x86.Build.0 = Debug|Any CPU
		{990E3452-D9D7-4272-9753-78A17B3C6938}.Release|Any CPU.ActiveCfg = Release|Any CPU
		{990E3452-D9D7-4272-9753-78A17B3C6938}.Release|Any CPU.Build.0 = Release|Any CPU
		{990E3452-D9D7-4272-9753-78A17B3C6938}.Release|x64.ActiveCfg = Release|Any CPU
		{990E3452-D9D7-4272-9753-78A17B3C6938}.Release|x64.Build.0 = Release|Any CPU
		{990E3452-D9D7-4272-9753-78A17B3C6938}.Release|x86.ActiveCfg = Release|Any CPU
		{990E3452-D9D7-4272-9753-78A17B3C6938}.Release|x86.Build.0 = Release|Any CPU
		{8700CC56-BD57-5E62-CAFE-0A2E9296E86C}.Debug|Any CPU.ActiveCfg = Debug|Any CPU
		{8700CC56-BD57-5E62-CAFE-0A2E9296E86C}.Debug|Any CPU.Build.0 = Debug|Any CPU
		{8700CC56-BD57-5E62-CAFE-0A2E9296E86C}.Debug|x64.ActiveCfg = Debug|Any CPU
		{8700CC56-BD57-5E62-CAFE-0A2E9296E86C}.Debug|x64.Build.0 = Debug|Any CPU
		{8700CC56-BD57-5E62-CAFE-0A2E9296E86C}.Debug|x86.ActiveCfg = Debug|Any CPU
		{8700CC56-BD57-5E62-CAFE-0A2E9296E86C}.Debug|x86.Build.0 = Debug|Any CPU
		{8700CC56-BD57-5E62-CAFE-0A2E9296E86C}.Release|Any CPU.ActiveCfg = Release|Any CPU
		{8700CC56-BD57-5E62-CAFE-0A2E9296E86C}.Release|Any CPU.Build.0 = Release|Any CPU
		{8700CC56-BD57-5E62-CAFE-0A2E9296E86C}.Release|x64.ActiveCfg = Release|Any CPU
		{8700CC56-BD57-5E62-CAFE-0A2E9296E86C}.Release|x64.Build.0 = Release|Any CPU
		{8700CC56-BD57-5E62-CAFE-0A2E9296E86C}.Release|x86.ActiveCfg = Release|Any CPU
		{8700CC56-BD57-5E62-CAFE-0A2E9296E86C}.Release|x86.Build.0 = Release|Any CPU
		{6AB23452-A9BB-4284-BE31-5B7A176785E5}.Debug|Any CPU.ActiveCfg = Debug|Any CPU
		{6AB23452-A9BB-4284-BE31-5B7A176785E5}.Debug|Any CPU.Build.0 = Debug|Any CPU
		{6AB23452-A9BB-4284-BE31-5B7A176785E5}.Debug|x64.ActiveCfg = Debug|Any CPU
		{6AB23452-A9BB-4284-BE31-5B7A176785E5}.Debug|x64.Build.0 = Debug|Any CPU
		{6AB23452-A9BB-4284-BE31-5B7A176785E5}.Debug|x86.ActiveCfg = Debug|Any CPU
		{6AB23452-A9BB-4284-BE31-5B7A176785E5}.Debug|x86.Build.0 = Debug|Any CPU
		{6AB23452-A9BB-4284-BE31-5B7A176785E5}.Release|Any CPU.ActiveCfg = Release|Any CPU
		{6AB23452-A9BB-4284-BE31-5B7A176785E5}.Release|Any CPU.Build.0 = Release|Any CPU
		{6AB23452-A9BB-4284-BE31-5B7A176785E5}.Release|x64.ActiveCfg = Release|Any CPU
		{6AB23452-A9BB-4284-BE31-5B7A176785E5}.Release|x64.Build.0 = Release|Any CPU
		{6AB23452-A9BB-4284-BE31-5B7A176785E5}.Release|x86.ActiveCfg = Release|Any CPU
		{6AB23452-A9BB-4284-BE31-5B7A176785E5}.Release|x86.Build.0 = Release|Any CPU
		{E7912170-DB69-4B4C-9206-17E56D533578}.Debug|Any CPU.ActiveCfg = Debug|Any CPU
		{E7912170-DB69-4B4C-9206-17E56D533578}.Debug|Any CPU.Build.0 = Debug|Any CPU
		{E7912170-DB69-4B4C-9206-17E56D533578}.Debug|x64.ActiveCfg = Debug|Any CPU
		{E7912170-DB69-4B4C-9206-17E56D533578}.Debug|x64.Build.0 = Debug|Any CPU
		{E7912170-DB69-4B4C-9206-17E56D533578}.Debug|x86.ActiveCfg = Debug|Any CPU
		{E7912170-DB69-4B4C-9206-17E56D533578}.Debug|x86.Build.0 = Debug|Any CPU
		{E7912170-DB69-4B4C-9206-17E56D533578}.Release|Any CPU.ActiveCfg = Release|Any CPU
		{E7912170-DB69-4B4C-9206-17E56D533578}.Release|Any CPU.Build.0 = Release|Any CPU
		{E7912170-DB69-4B4C-9206-17E56D533578}.Release|x64.ActiveCfg = Release|Any CPU
		{E7912170-DB69-4B4C-9206-17E56D533578}.Release|x64.Build.0 = Release|Any CPU
		{E7912170-DB69-4B4C-9206-17E56D533578}.Release|x86.ActiveCfg = Release|Any CPU
		{E7912170-DB69-4B4C-9206-17E56D533578}.Release|x86.Build.0 = Release|Any CPU
		{5B585950-D5CA-41F4-89D8-430F05A9E604}.Debug|Any CPU.ActiveCfg = Debug|Any CPU
		{5B585950-D5CA-41F4-89D8-430F05A9E604}.Debug|Any CPU.Build.0 = Debug|Any CPU
		{5B585950-D5CA-41F4-89D8-430F05A9E604}.Debug|x64.ActiveCfg = Debug|Any CPU
		{5B585950-D5CA-41F4-89D8-430F05A9E604}.Debug|x64.Build.0 = Debug|Any CPU
		{5B585950-D5CA-41F4-89D8-430F05A9E604}.Debug|x86.ActiveCfg = Debug|Any CPU
		{5B585950-D5CA-41F4-89D8-430F05A9E604}.Debug|x86.Build.0 = Debug|Any CPU
		{5B585950-D5CA-41F4-89D8-430F05A9E604}.Release|Any CPU.ActiveCfg = Release|Any CPU
		{5B585950-D5CA-41F4-89D8-430F05A9E604}.Release|Any CPU.Build.0 = Release|Any CPU
		{5B585950-D5CA-41F4-89D8-430F05A9E604}.Release|x64.ActiveCfg = Release|Any CPU
		{5B585950-D5CA-41F4-89D8-430F05A9E604}.Release|x64.Build.0 = Release|Any CPU
		{5B585950-D5CA-41F4-89D8-430F05A9E604}.Release|x86.ActiveCfg = Release|Any CPU
		{5B585950-D5CA-41F4-89D8-430F05A9E604}.Release|x86.Build.0 = Release|Any CPU
		{BB1BDD90-8C7C-46E1-9D17-9CA2790F0A6D}.Debug|Any CPU.ActiveCfg = Debug|Any CPU
		{BB1BDD90-8C7C-46E1-9D17-9CA2790F0A6D}.Debug|Any CPU.Build.0 = Debug|Any CPU
		{BB1BDD90-8C7C-46E1-9D17-9CA2790F0A6D}.Debug|x64.ActiveCfg = Debug|Any CPU
		{BB1BDD90-8C7C-46E1-9D17-9CA2790F0A6D}.Debug|x64.Build.0 = Debug|Any CPU
		{BB1BDD90-8C7C-46E1-9D17-9CA2790F0A6D}.Debug|x86.ActiveCfg = Debug|Any CPU
		{BB1BDD90-8C7C-46E1-9D17-9CA2790F0A6D}.Debug|x86.Build.0 = Debug|Any CPU
		{BB1BDD90-8C7C-46E1-9D17-9CA2790F0A6D}.Release|Any CPU.ActiveCfg = Release|Any CPU
		{BB1BDD90-8C7C-46E1-9D17-9CA2790F0A6D}.Release|Any CPU.Build.0 = Release|Any CPU
		{BB1BDD90-8C7C-46E1-9D17-9CA2790F0A6D}.Release|x64.ActiveCfg = Release|Any CPU
		{BB1BDD90-8C7C-46E1-9D17-9CA2790F0A6D}.Release|x64.Build.0 = Release|Any CPU
		{BB1BDD90-8C7C-46E1-9D17-9CA2790F0A6D}.Release|x86.ActiveCfg = Release|Any CPU
		{BB1BDD90-8C7C-46E1-9D17-9CA2790F0A6D}.Release|x86.Build.0 = Release|Any CPU
		{CA6DD2FF-2263-483E-8235-45963A335925}.Debug|Any CPU.ActiveCfg = Debug|Any CPU
		{CA6DD2FF-2263-483E-8235-45963A335925}.Debug|Any CPU.Build.0 = Debug|Any CPU
		{CA6DD2FF-2263-483E-8235-45963A335925}.Debug|x64.ActiveCfg = Debug|Any CPU
		{CA6DD2FF-2263-483E-8235-45963A335925}.Debug|x64.Build.0 = Debug|Any CPU
		{CA6DD2FF-2263-483E-8235-45963A335925}.Debug|x86.ActiveCfg = Debug|Any CPU
		{CA6DD2FF-2263-483E-8235-45963A335925}.Debug|x86.Build.0 = Debug|Any CPU
		{CA6DD2FF-2263-483E-8235-45963A335925}.Release|Any CPU.ActiveCfg = Release|Any CPU
		{CA6DD2FF-2263-483E-8235-45963A335925}.Release|Any CPU.Build.0 = Release|Any CPU
		{CA6DD2FF-2263-483E-8235-45963A335925}.Release|x64.ActiveCfg = Release|Any CPU
		{CA6DD2FF-2263-483E-8235-45963A335925}.Release|x64.Build.0 = Release|Any CPU
		{CA6DD2FF-2263-483E-8235-45963A335925}.Release|x86.ActiveCfg = Release|Any CPU
		{CA6DD2FF-2263-483E-8235-45963A335925}.Release|x86.Build.0 = Release|Any CPU
		{293EBB91-38A1-4072-A072-6EF2C5FB14FE}.Debug|Any CPU.ActiveCfg = Debug|Any CPU
		{293EBB91-38A1-4072-A072-6EF2C5FB14FE}.Debug|Any CPU.Build.0 = Debug|Any CPU
		{293EBB91-38A1-4072-A072-6EF2C5FB14FE}.Debug|x64.ActiveCfg = Debug|Any CPU
		{293EBB91-38A1-4072-A072-6EF2C5FB14FE}.Debug|x64.Build.0 = Debug|Any CPU
		{293EBB91-38A1-4072-A072-6EF2C5FB14FE}.Debug|x86.ActiveCfg = Debug|Any CPU
		{293EBB91-38A1-4072-A072-6EF2C5FB14FE}.Debug|x86.Build.0 = Debug|Any CPU
		{293EBB91-38A1-4072-A072-6EF2C5FB14FE}.Release|Any CPU.ActiveCfg = Release|Any CPU
		{293EBB91-38A1-4072-A072-6EF2C5FB14FE}.Release|Any CPU.Build.0 = Release|Any CPU
		{293EBB91-38A1-4072-A072-6EF2C5FB14FE}.Release|x64.ActiveCfg = Release|Any CPU
		{293EBB91-38A1-4072-A072-6EF2C5FB14FE}.Release|x64.Build.0 = Release|Any CPU
		{293EBB91-38A1-4072-A072-6EF2C5FB14FE}.Release|x86.ActiveCfg = Release|Any CPU
		{293EBB91-38A1-4072-A072-6EF2C5FB14FE}.Release|x86.Build.0 = Release|Any CPU
		{6B799510-3A0D-43EB-9098-70F79ABD1D15}.Debug|Any CPU.ActiveCfg = Debug|Any CPU
		{6B799510-3A0D-43EB-9098-70F79ABD1D15}.Debug|Any CPU.Build.0 = Debug|Any CPU
		{6B799510-3A0D-43EB-9098-70F79ABD1D15}.Debug|x64.ActiveCfg = Debug|Any CPU
		{6B799510-3A0D-43EB-9098-70F79ABD1D15}.Debug|x64.Build.0 = Debug|Any CPU
		{6B799510-3A0D-43EB-9098-70F79ABD1D15}.Debug|x86.ActiveCfg = Debug|Any CPU
		{6B799510-3A0D-43EB-9098-70F79ABD1D15}.Debug|x86.Build.0 = Debug|Any CPU
		{6B799510-3A0D-43EB-9098-70F79ABD1D15}.Release|Any CPU.ActiveCfg = Release|Any CPU
		{6B799510-3A0D-43EB-9098-70F79ABD1D15}.Release|Any CPU.Build.0 = Release|Any CPU
		{6B799510-3A0D-43EB-9098-70F79ABD1D15}.Release|x64.ActiveCfg = Release|Any CPU
		{6B799510-3A0D-43EB-9098-70F79ABD1D15}.Release|x64.Build.0 = Release|Any CPU
		{6B799510-3A0D-43EB-9098-70F79ABD1D15}.Release|x86.ActiveCfg = Release|Any CPU
		{6B799510-3A0D-43EB-9098-70F79ABD1D15}.Release|x86.Build.0 = Release|Any CPU
		{5038CA9E-35C9-4988-80C2-50855F44C879}.Debug|Any CPU.ActiveCfg = Debug|Any CPU
		{5038CA9E-35C9-4988-80C2-50855F44C879}.Debug|Any CPU.Build.0 = Debug|Any CPU
		{5038CA9E-35C9-4988-80C2-50855F44C879}.Debug|x64.ActiveCfg = Debug|Any CPU
		{5038CA9E-35C9-4988-80C2-50855F44C879}.Debug|x64.Build.0 = Debug|Any CPU
		{5038CA9E-35C9-4988-80C2-50855F44C879}.Debug|x86.ActiveCfg = Debug|Any CPU
		{5038CA9E-35C9-4988-80C2-50855F44C879}.Debug|x86.Build.0 = Debug|Any CPU
		{5038CA9E-35C9-4988-80C2-50855F44C879}.Release|Any CPU.ActiveCfg = Release|Any CPU
		{5038CA9E-35C9-4988-80C2-50855F44C879}.Release|Any CPU.Build.0 = Release|Any CPU
		{5038CA9E-35C9-4988-80C2-50855F44C879}.Release|x64.ActiveCfg = Release|Any CPU
		{5038CA9E-35C9-4988-80C2-50855F44C879}.Release|x64.Build.0 = Release|Any CPU
		{5038CA9E-35C9-4988-80C2-50855F44C879}.Release|x86.ActiveCfg = Release|Any CPU
		{5038CA9E-35C9-4988-80C2-50855F44C879}.Release|x86.Build.0 = Release|Any CPU
		{B5CAE12B-18D6-4CD5-90F0-D0008166B6E7}.Debug|Any CPU.ActiveCfg = Debug|Any CPU
		{B5CAE12B-18D6-4CD5-90F0-D0008166B6E7}.Debug|Any CPU.Build.0 = Debug|Any CPU
		{B5CAE12B-18D6-4CD5-90F0-D0008166B6E7}.Debug|x64.ActiveCfg = Debug|Any CPU
		{B5CAE12B-18D6-4CD5-90F0-D0008166B6E7}.Debug|x64.Build.0 = Debug|Any CPU
		{B5CAE12B-18D6-4CD5-90F0-D0008166B6E7}.Debug|x86.ActiveCfg = Debug|Any CPU
		{B5CAE12B-18D6-4CD5-90F0-D0008166B6E7}.Debug|x86.Build.0 = Debug|Any CPU
		{B5CAE12B-18D6-4CD5-90F0-D0008166B6E7}.Release|Any CPU.ActiveCfg = Release|Any CPU
		{B5CAE12B-18D6-4CD5-90F0-D0008166B6E7}.Release|Any CPU.Build.0 = Release|Any CPU
		{B5CAE12B-18D6-4CD5-90F0-D0008166B6E7}.Release|x64.ActiveCfg = Release|Any CPU
		{B5CAE12B-18D6-4CD5-90F0-D0008166B6E7}.Release|x64.Build.0 = Release|Any CPU
		{B5CAE12B-18D6-4CD5-90F0-D0008166B6E7}.Release|x86.ActiveCfg = Release|Any CPU
		{B5CAE12B-18D6-4CD5-90F0-D0008166B6E7}.Release|x86.Build.0 = Release|Any CPU
	EndGlobalSection
	GlobalSection(SolutionProperties) = preSolution
		HideSolutionNode = FALSE
	EndGlobalSection
	GlobalSection(NestedProjects) = preSolution
		{E54E8732-B86D-4274-91C8-6D9935432D11} = {827E0CD3-B72D-47B6-A68D-7590B98EB39B}
		{656C80AF-6075-450B-BFDE-5E63E17FB0FC} = {827E0CD3-B72D-47B6-A68D-7590B98EB39B}
		{EC447DCF-ABFA-6E24-52A5-D7FD48A5C558} = {827E0CD3-B72D-47B6-A68D-7590B98EB39B}
		{C7C359A4-202C-E132-5EF3-A8C61917A404} = {EC447DCF-ABFA-6E24-52A5-D7FD48A5C558}
		{FD1358D3-6B1A-A92C-8F2D-EADF883CBC4F} = {C7C359A4-202C-E132-5EF3-A8C61917A404}
		{ABB20469-921D-49F1-8143-DC3628FC95A5} = {FD1358D3-6B1A-A92C-8F2D-EADF883CBC4F}
		{6C7D52BB-C130-3E68-29E9-6A3A3232E7E3} = {C7C359A4-202C-E132-5EF3-A8C61917A404}
		{1F1345B7-7362-4735-900D-551EE6243AC2} = {6C7D52BB-C130-3E68-29E9-6A3A3232E7E3}
		{8A23DFC7-D76E-822B-750C-3464C7D5F620} = {C7C359A4-202C-E132-5EF3-A8C61917A404}
		{9F5E33BE-C207-4F79-80E2-57881D376B8F} = {8A23DFC7-D76E-822B-750C-3464C7D5F620}
		{4D7F3E37-DF0E-563B-44F3-DAB90C3A8721} = {EC447DCF-ABFA-6E24-52A5-D7FD48A5C558}
		{A1B38958-DCB5-5501-05DC-D04D8B7BD13A} = {4D7F3E37-DF0E-563B-44F3-DAB90C3A8721}
		{8C7298AF-D43E-B1DD-4EFE-5F2DA5E0F4FE} = {4D7F3E37-DF0E-563B-44F3-DAB90C3A8721}
		{132F4631-5061-4AA3-BA6A-86A5360A044F} = {8C7298AF-D43E-B1DD-4EFE-5F2DA5E0F4FE}
		{F4D39687-524F-C562-6689-2DD8A7BC6613} = {4D7F3E37-DF0E-563B-44F3-DAB90C3A8721}
		{3B97B2F7-9DE0-4210-B359-66E8CAE5544F} = {F4D39687-524F-C562-6689-2DD8A7BC6613}
		{54E3E6F9-E5BD-47AF-817D-18C379615B7D} = {A1B38958-DCB5-5501-05DC-D04D8B7BD13A}
		{0EC62A1A-9858-3A60-8A0C-FC9AACFA2EC7} = {EC447DCF-ABFA-6E24-52A5-D7FD48A5C558}
		{4D5DCD5F-56A9-CDDD-B2B1-3C00DD2DF930} = {0EC62A1A-9858-3A60-8A0C-FC9AACFA2EC7}
		{7C23178A-9533-4E2C-93D0-6C5F527F4982} = {4D5DCD5F-56A9-CDDD-B2B1-3C00DD2DF930}
		{0DE85A42-5AB0-179C-733E-58510D3B8784} = {0EC62A1A-9858-3A60-8A0C-FC9AACFA2EC7}
		{119221EC-0464-46E8-BDB4-4D1E209C2EDE} = {0DE85A42-5AB0-179C-733E-58510D3B8784}
		{4780257D-0BA4-5E80-C62C-815EC08EBD56} = {0EC62A1A-9858-3A60-8A0C-FC9AACFA2EC7}
		{990E3452-D9D7-4272-9753-78A17B3C6938} = {4780257D-0BA4-5E80-C62C-815EC08EBD56}
		{8700CC56-BD57-5E62-CAFE-0A2E9296E86C} = {827E0CD3-B72D-47B6-A68D-7590B98EB39B}
		{CACCE3FB-8D6F-1C95-AA38-02772A5E7D5C} = {EC447DCF-ABFA-6E24-52A5-D7FD48A5C558}
		{31AF4CBF-B502-1FBA-0886-57B168BF7FA0} = {CACCE3FB-8D6F-1C95-AA38-02772A5E7D5C}
		{6AB23452-A9BB-4284-BE31-5B7A176785E5} = {31AF4CBF-B502-1FBA-0886-57B168BF7FA0}
		{884D319A-4ED2-E232-18BA-50F6CC718253} = {CACCE3FB-8D6F-1C95-AA38-02772A5E7D5C}
		{E7912170-DB69-4B4C-9206-17E56D533578} = {884D319A-4ED2-E232-18BA-50F6CC718253}
		{37AA64ED-AD54-2C40-8F32-98EABB769241} = {CACCE3FB-8D6F-1C95-AA38-02772A5E7D5C}
		{5B585950-D5CA-41F4-89D8-430F05A9E604} = {37AA64ED-AD54-2C40-8F32-98EABB769241}
		{D53792AE-36FE-72E8-E36E-7E5EF0791B31} = {EC447DCF-ABFA-6E24-52A5-D7FD48A5C558}
		{1A9E8A3F-A986-A567-09A4-09AB2A798928} = {D53792AE-36FE-72E8-E36E-7E5EF0791B31}
		{BB1BDD90-8C7C-46E1-9D17-9CA2790F0A6D} = {1A9E8A3F-A986-A567-09A4-09AB2A798928}
		{D8AD2D54-BB0C-EFCA-3E33-5F5B9FE133B7} = {D53792AE-36FE-72E8-E36E-7E5EF0791B31}
		{CA6DD2FF-2263-483E-8235-45963A335925} = {D8AD2D54-BB0C-EFCA-3E33-5F5B9FE133B7}
		{6FEA6E4F-42B3-F2D2-C592-8C163A02CF73} = {D53792AE-36FE-72E8-E36E-7E5EF0791B31}
		{293EBB91-38A1-4072-A072-6EF2C5FB14FE} = {6FEA6E4F-42B3-F2D2-C592-8C163A02CF73}
		{A3EAED29-4CBC-FD78-85FB-369C0DE60D96} = {EC447DCF-ABFA-6E24-52A5-D7FD48A5C558}
		{FF4E28B2-2AC7-FCBC-33DC-CA5B1CFD5962} = {A3EAED29-4CBC-FD78-85FB-369C0DE60D96}
		{6B799510-3A0D-43EB-9098-70F79ABD1D15} = {FF4E28B2-2AC7-FCBC-33DC-CA5B1CFD5962}
		{43CCCCD3-422C-998F-EE73-BA62B37F01B8} = {A3EAED29-4CBC-FD78-85FB-369C0DE60D96}
		{5038CA9E-35C9-4988-80C2-50855F44C879} = {43CCCCD3-422C-998F-EE73-BA62B37F01B8}
		{73622FA1-155B-9F16-AAA6-9CA180B633D0} = {A3EAED29-4CBC-FD78-85FB-369C0DE60D96}
		{B5CAE12B-18D6-4CD5-90F0-D0008166B6E7} = {73622FA1-155B-9F16-AAA6-9CA180B633D0}
	EndGlobalSection
	GlobalSection(ExtensibilityGlobals) = postSolution
		SolutionGuid = {78504C28-224F-4FB1-BDC9-6F5BD151D740}
	EndGlobalSection
EndGlobal
